# This file was autogenerated by uv via the following command:
#    uv pip compile requirements.txt -o requirements.lock
aiohappyeyeballs==2.4.6
    # via
    #   -r requirements.txt
    #   aiohttp
aiohttp==3.11.12
    # via
    #   -r requirements.txt
    #   realtime
aiosignal==1.3.2
    # via
    #   -r requirements.txt
    #   aiohttp
annotated-types==0.7.0
    # via
    #   -r requirements.txt
    #   pydantic
anyio==4.8.0
    # via
    #   -r requirements.txt
    #   httpx
    #   starlette
    #   watchfiles
attrs==25.1.0
    # via
    #   -r requirements.txt
    #   aiohttp
certifi==2025.1.31
    # via
    #   -r requirements.txt
    #   httpcore
    #   httpx
click==8.1.8
    # via
    #   -r requirements.txt
    #   rich-toolkit
    #   typer
    #   uvicorn
deprecation==2.1.0
    # via
    #   -r requirements.txt
    #   postgrest
dnspython==2.7.0
    # via
    #   -r requirements.txt
    #   email-validator
email-validator==2.2.0
    # via -r requirements.txt
fastapi==0.115.8
    # via -r requirements.txt
fastapi-cli==0.0.7
    # via -r requirements.txt
frozenlist==1.5.0
    # via
    #   -r requirements.txt
    #   aiohttp
    #   aiosignal
gotrue==2.11.4
    # via
    #   -r requirements.txt
    #   supabase
h11==0.14.0
    # via
    #   -r requirements.txt
    #   httpcore
    #   uvicorn
h2==4.2.0
    # via
    #   -r requirements.txt
    #   httpx
hpack==4.1.0
    # via
    #   -r requirements.txt
    #   h2
httpcore==1.0.7
    # via
    #   -r requirements.txt
    #   httpx
httptools==0.6.4
    # via
    #   -r requirements.txt
    #   uvicorn
httpx==0.28.1
    # via
    #   -r requirements.txt
    #   gotrue
    #   postgrest
    #   storage3
    #   supabase
    #   supafunc
hyperframe==6.1.0
    # via
    #   -r requirements.txt
    #   h2
idna==3.10
    # via
    #   -r requirements.txt
    #   anyio
    #   email-validator
    #   httpx
    #   yarl
jinja2==3.1.5
    # via -r requirements.txt
markdown-it-py==3.0.0
    # via
    #   -r requirements.txt
    #   rich
markupsafe==3.0.2
    # via
    #   -r requirements.txt
    #   jinja2
mdurl==0.1.2
    # via
    #   -r requirements.txt
    #   markdown-it-py
multidict==6.1.0
    # via
    #   -r requirements.txt
    #   aiohttp
    #   yarl
packaging==24.2
    # via
    #   -r requirements.txt
    #   deprecation
postgrest==0.19.3
    # via
    #   -r requirements.txt
    #   supabase
propcache==0.3.0
    # via
    #   -r requirements.txt
    #   aiohttp
    #   yarl
pydantic==2.10.6
    # via
    #   -r requirements.txt
    #   fastapi
    #   gotrue
    #   postgrest
    #   sqlmodel
pydantic-core==2.27.2
    # via
    #   -r requirements.txt
    #   pydantic
pygments==2.19.1
    # via
    #   -r requirements.txt
    #   rich
python-dateutil==2.9.0.post0
    # via
    #   -r requirements.txt
    #   realtime
    #   storage3
python-dotenv==1.0.1
    # via
    #   -r requirements.txt
    #   uvicorn
python-multipart==0.0.20
    # via -r requirements.txt
pyyaml==6.0.2
    # via
    #   -r requirements.txt
    #   uvicorn
realtime==2.4.0
    # via
    #   -r requirements.txt
    #   supabase
rich==13.9.4
    # via
    #   -r requirements.txt
    #   rich-toolkit
    #   typer
rich-toolkit==0.13.2
    # via
    #   -r requirements.txt
    #   fastapi-cli
shellingham==1.5.4
    # via
    #   -r requirements.txt
    #   typer
six==1.17.0
    # via
    #   -r requirements.txt
    #   python-dateutil
sniffio==1.3.1
    # via
    #   -r requirements.txt
    #   anyio
sqlalchemy==2.0.38
    # via
    #   -r requirements.txt
    #   sqlmodel
sqlmodel==0.0.22
    # via -r requirements.txt
starlette==0.45.3
    # via
    #   -r requirements.txt
    #   fastapi
storage3==0.11.3
    # via
    #   -r requirements.txt
    #   supabase
strenum==0.4.15
    # via
    #   -r requirements.txt
    #   supafunc
supabase==2.13.0
    # via -r requirements.txt
supafunc==0.9.3
    # via
    #   -r requirements.txt
    #   supabase
typer==0.15.1
    # via
    #   -r requirements.txt
    #   fastapi-cli
typing-extensions==4.12.2
    # via
    #   -r requirements.txt
    #   anyio
    #   fastapi
    #   pydantic
    #   pydantic-core
    #   realtime
    #   rich-toolkit
    #   sqlalchemy
    #   typer
uvicorn==0.34.0
    # via
    #   -r requirements.txt
    #   fastapi-cli
uvloop==0.21.0
    # via
    #   -r requirements.txt
    #   uvicorn
watchfiles==1.0.4
    # via
    #   -r requirements.txt
    #   uvicorn
websockets==14.2
    # via
    #   -r requirements.txt
    #   realtime
    #   uvicorn
yarl==1.18.3
    # via
    #   -r requirements.txt
    #   aiohttp
